
Microsoft Visual Studio Solution File, Format Version 12.00
# Visual Studio Version 17
VisualStudioVersion = 17.5.33502.453
MinimumVisualStudioVersion = 10.0.40219.1
Project("{8BC9CEB8-8B4A-11D0-8D11-00A0C91BC942}") = "ParadigmaOOP2", "ParadigmaOOP2\ParadigmaOOP2.vcxproj", "{0F6AEF80-14FF-471C-9FF0-BA5A0B435E99}"
EndProject
Project("{8BC9CEB8-8B4A-11D0-8D11-00A0C91BC942}") = "Polymorphism", "Polymorphism\Polymorphism.vcxproj", "{E9BC74B4-329F-4F79-99C8-1977E41A1BDB}"
EndProject
Project("{8BC9CEB8-8B4A-11D0-8D11-00A0C91BC942}") = "noOverriding", "noOverriding\noOverriding.vcxproj", "{9142D4AE-E047-495E-A6AC-0CBC9D5821EB}"
EndProject
Project("{8BC9CEB8-8B4A-11D0-8D11-00A0C91BC942}") = "ProgramAbstraksi", "ProgramAbstraksi\ProgramAbstraksi.vcxproj", "{DDF1A3B0-6477-4242-96D0-302B2D48407C}"
EndProject
Project("{8BC9CEB8-8B4A-11D0-8D11-00A0C91BC942}") = "ProgramMultiwaris", "ProgramMultiwaris\ProgramMultiwaris.vcxproj", "{9E813DCD-0CA8-4332-857D-EFD289C8B912}"
EndProject
Project("{8BC9CEB8-8B4A-11D0-8D11-00A0C91BC942}") = "ProgramKapsulasi", "ProgramKapsulasi\ProgramKapsulasi.vcxproj", "{4390B3BF-E3A3-454A-B5AE-3AEC442A4575}"
EndProject
Project("{8BC9CEB8-8B4A-11D0-8D11-00A0C91BC942}") = "Programnopewarisan", "Programnopewarisan\Programnopewarisan.vcxproj", "{B17E5A48-FB68-4316-9416-EA81DC74FD77}"
EndProject
Global
	GlobalSection(SolutionConfigurationPlatforms) = preSolution
		Debug|x64 = Debug|x64
		Debug|x86 = Debug|x86
		Release|x64 = Release|x64
		Release|x86 = Release|x86
	EndGlobalSection
	GlobalSection(ProjectConfigurationPlatforms) = postSolution
		{0F6AEF80-14FF-471C-9FF0-BA5A0B435E99}.Debug|x64.ActiveCfg = Debug|x64
		{0F6AEF80-14FF-471C-9FF0-BA5A0B435E99}.Debug|x64.Build.0 = Debug|x64
		{0F6AEF80-14FF-471C-9FF0-BA5A0B435E99}.Debug|x86.ActiveCfg = Debug|Win32
		{0F6AEF80-14FF-471C-9FF0-BA5A0B435E99}.Debug|x86.Build.0 = Debug|Win32
		{0F6AEF80-14FF-471C-9FF0-BA5A0B435E99}.Release|x64.ActiveCfg = Release|x64
		{0F6AEF80-14FF-471C-9FF0-BA5A0B435E99}.Release|x64.Build.0 = Release|x64
		{0F6AEF80-14FF-471C-9FF0-BA5A0B435E99}.Release|x86.ActiveCfg = Release|Win32
		{0F6AEF80-14FF-471C-9FF0-BA5A0B435E99}.Release|x86.Build.0 = Release|Win32
		{E9BC74B4-329F-4F79-99C8-1977E41A1BDB}.Debug|x64.ActiveCfg = Debug|x64
		{E9BC74B4-329F-4F79-99C8-1977E41A1BDB}.Debug|x64.Build.0 = Debug|x64
		{E9BC74B4-329F-4F79-99C8-1977E41A1BDB}.Debug|x86.ActiveCfg = Debug|Win32
		{E9BC74B4-329F-4F79-99C8-1977E41A1BDB}.Debug|x86.Build.0 = Debug|Win32
		{E9BC74B4-329F-4F79-99C8-1977E41A1BDB}.Release|x64.ActiveCfg = Release|x64
		{E9BC74B4-329F-4F79-99C8-1977E41A1BDB}.Release|x64.Build.0 = Release|x64
		{E9BC74B4-329F-4F79-99C8-1977E41A1BDB}.Release|x86.ActiveCfg = Release|Win32
		{E9BC74B4-329F-4F79-99C8-1977E41A1BDB}.Release|x86.Build.0 = Release|Win32
		{9142D4AE-E047-495E-A6AC-0CBC9D5821EB}.Debug|x64.ActiveCfg = Debug|x64
		{9142D4AE-E047-495E-A6AC-0CBC9D5821EB}.Debug|x64.Build.0 = Debug|x64
		{9142D4AE-E047-495E-A6AC-0CBC9D5821EB}.Debug|x86.ActiveCfg = Debug|Win32
		{9142D4AE-E047-495E-A6AC-0CBC9D5821EB}.Debug|x86.Build.0 = Debug|Win32
		{9142D4AE-E047-495E-A6AC-0CBC9D5821EB}.Release|x64.ActiveCfg = Release|x64
		{9142D4AE-E047-495E-A6AC-0CBC9D5821EB}.Release|x64.Build.0 = Release|x64
		{9142D4AE-E047-495E-A6AC-0CBC9D5821EB}.Release|x86.ActiveCfg = Release|Win32
		{9142D4AE-E047-495E-A6AC-0CBC9D5821EB}.Release|x86.Build.0 = Release|Win32
		{DDF1A3B0-6477-4242-96D0-302B2D48407C}.Debug|x64.ActiveCfg = Debug|x64
		{DDF1A3B0-6477-4242-96D0-302B2D48407C}.Debug|x64.Build.0 = Debug|x64
		{DDF1A3B0-6477-4242-96D0-302B2D48407C}.Debug|x86.ActiveCfg = Debug|Win32
		{DDF1A3B0-6477-4242-96D0-302B2D48407C}.Debug|x86.Build.0 = Debug|Win32
		{DDF1A3B0-6477-4242-96D0-302B2D48407C}.Release|x64.ActiveCfg = Release|x64
		{DDF1A3B0-6477-4242-96D0-302B2D48407C}.Release|x64.Build.0 = Release|x64
		{DDF1A3B0-6477-4242-96D0-302B2D48407C}.Release|x86.ActiveCfg = Release|Win32
		{DDF1A3B0-6477-4242-96D0-302B2D48407C}.Release|x86.Build.0 = Release|Win32
		{9E813DCD-0CA8-4332-857D-EFD289C8B912}.Debug|x64.ActiveCfg = Debug|x64
		{9E813DCD-0CA8-4332-857D-EFD289C8B912}.Debug|x64.Build.0 = Debug|x64
		{9E813DCD-0CA8-4332-857D-EFD289C8B912}.Debug|x86.ActiveCfg = Debug|Win32
		{9E813DCD-0CA8-4332-857D-EFD289C8B912}.Debug|x86.Build.0 = Debug|Win32
		{9E813DCD-0CA8-4332-857D-EFD289C8B912}.Release|x64.ActiveCfg = Release|x64
		{9E813DCD-0CA8-4332-857D-EFD289C8B912}.Release|x64.Build.0 = Release|x64
		{9E813DCD-0CA8-4332-857D-EFD289C8B912}.Release|x86.ActiveCfg = Release|Win32
		{9E813DCD-0CA8-4332-857D-EFD289C8B912}.Release|x86.Build.0 = Release|Win32
		{4390B3BF-E3A3-454A-B5AE-3AEC442A4575}.Debug|x64.ActiveCfg = Debug|x64
		{4390B3BF-E3A3-454A-B5AE-3AEC442A4575}.Debug|x64.Build.0 = Debug|x64
		{4390B3BF-E3A3-454A-B5AE-3AEC442A4575}.Debug|x86.ActiveCfg = Debug|Win32
		{4390B3BF-E3A3-454A-B5AE-3AEC442A4575}.Debug|x86.Build.0 = Debug|Win32
		{4390B3BF-E3A3-454A-B5AE-3AEC442A4575}.Release|x64.ActiveCfg = Release|x64
		{4390B3BF-E3A3-454A-B5AE-3AEC442A4575}.Release|x64.Build.0 = Release|x64
		{4390B3BF-E3A3-454A-B5AE-3AEC442A4575}.Release|x86.ActiveCfg = Release|Win32
		{4390B3BF-E3A3-454A-B5AE-3AEC442A4575}.Release|x86.Build.0 = Release|Win32
		{B17E5A48-FB68-4316-9416-EA81DC74FD77}.Debug|x64.ActiveCfg = Debug|x64
		{B17E5A48-FB68-4316-9416-EA81DC74FD77}.Debug|x64.Build.0 = Debug|x64
		{B17E5A48-FB68-4316-9416-EA81DC74FD77}.Debug|x86.ActiveCfg = Debug|Win32
		{B17E5A48-FB68-4316-9416-EA81DC74FD77}.Debug|x86.Build.0 = Debug|Win32
		{B17E5A48-FB68-4316-9416-EA81DC74FD77}.Release|x64.ActiveCfg = Release|x64
		{B17E5A48-FB68-4316-9416-EA81DC74FD77}.Release|x64.Build.0 = Release|x64
		{B17E5A48-FB68-4316-9416-EA81DC74FD77}.Release|x86.ActiveCfg = Release|Win32
		{B17E5A48-FB68-4316-9416-EA81DC74FD77}.Release|x86.Build.0 = Release|Win32
	EndGlobalSection
	GlobalSection(SolutionProperties) = preSolution
		HideSolutionNode = FALSE
	EndGlobalSection
	GlobalSection(ExtensibilityGlobals) = postSolution
		SolutionGuid = {875C4C3D-CF8D-481C-96DA-4A0BE9449469}
	EndGlobalSection
EndGlobal
